# Overseer SMP plugin lock — generated by tools/resolve_plugins.py for Minecraft 26.2
# format: <sha256>  <filename>  <url>   (installer must verify the hash before using the jar)
# first jar line is Paper itself
5ab560a769c1ab413cb7f637dd0dc697974571f2db0a667cfbac511422e51b26  paper-26.2-132.jar  https://fill-data.papermc.io/v1/objects/5ab560a769c1ab413cb7f637dd0dc697974571f2db0a667cfbac511422e51b26/paper-26.2-132.jar
39d8a45eca9f2413080b9597c67d1b2bf3bc9b62e8577f46eb83c9c8abfc4499  Geyser-Spigot.jar  https://download.geysermc.org/v2/projects/geyser/versions/2.11.3/builds/1249/downloads/spigot
21570aff9ce17d6983928e8552777760e1ede5050026b04c686b0ae112e6fd7e  floodgate-spigot.jar  https://download.geysermc.org/v2/projects/floodgate/versions/2.2.5/builds/141/downloads/spigot
49cecb66fa1fd22a133039a490e9c1e5095a238e7cd66eb9d2a16fe6c897550d  LuckPerms-Bukkit-5.5.71.jar  https://cdn.modrinth.com/data/Vebnzrzj/versions/b0mk8uS6/LuckPerms-Bukkit-5.5.71.jar
a2acef7c06ef201355cef07d591a6055dfed358ad768faaaaaf4e276865ecc97  CoreProtect-CE-24.1.jar  https://cdn.modrinth.com/data/Lu3KuzdV/versions/3sehX6Sg/CoreProtect-CE-24.1.jar
530d2c7430a96a39957391b7088be144daa3108f7665896d1c23aa8dd4af32f3  Chunky-Bukkit-1.5.3.jar  https://cdn.modrinth.com/data/fALzjamp/versions/MdY6JATr/Chunky-Bukkit-1.5.3.jar
a6768ab769ac8801b7d03567528424b0a8e7310cecd31dc70d100b521ab959e3  grimac-bukkit-2.3.74-f5bbe9c.jar  https://cdn.modrinth.com/data/LJNGWSvH/versions/nKI7MWZj/grimac-bukkit-2.3.74-f5bbe9c.jar
e247b7362c277dad0596cb48b5d1570b1002fba014a5afd8458d978963a253b4  DecentHolograms-2.10.1.jar  https://cdn.modrinth.com/data/w02MKsTg/versions/Fva1FgWm/DecentHolograms-2.10.1.jar
bda4685105977fca2e209820a9f0ad24275bd103390a03236f38e59bfdac58e6  EssentialsX-2.22.0.jar  https://github.com/EssentialsX/Essentials/releases/download/2.22.0/EssentialsX-2.22.0.jar
e5b0211f98af1eaba712d9294997639a39209db1fc842394a0923820073ec65a  EssentialsXChat-2.22.0.jar  https://github.com/EssentialsX/Essentials/releases/download/2.22.0/EssentialsXChat-2.22.0.jar
dd5377c4c921b9b67814209f4f6646ffbb959729003e721ec5e63c47c7c010b8  EssentialsXSpawn-2.22.0.jar  https://github.com/EssentialsX/Essentials/releases/download/2.22.0/EssentialsXSpawn-2.22.0.jar
5fe5457e9ba7989dc9446f522a690e4e877236ba2fc5e90ed66fad33d3c69f39  nuvotifier.jar  https://github.com/NuVotifier/NuVotifier/releases/download/v2.7.3/nuvotifier.jar
